
Microsoft Visual Studio Solution File, Format Version 12.00
# Visual Studio Version 17
VisualStudioVersion = 17.13.35931.197
MinimumVisualStudioVersion = 10.0.40219.1
Project("{54A90642-561A-4BB1-A94E-469ADEE60C69}") = "conversation-client", "conversation-client\conversation-client.esproj", "{3A70BAA5-F9FC-F804-BEC2-92A204661F4C}"
EndProject
Project("{FAE04EC0-301F-11D3-BF4B-00C04F79EFBC}") = "ConversationService", "ConversationService\ConversationService.csproj", "{00C1046E-4CDF-9BCE-3CDA-572AF18EA0D2}"
EndProject
Project("{2150E333-8FDC-42A3-9474-1A3956D46DE8}") = "Docker", "Docker", "{02EA681E-C7D8-13C7-8484-4AC65E1B71E8}"
	ProjectSection(SolutionItems) = preProject
		docker-compose.yaml = docker-compose.yaml
	EndProjectSection
EndProject
Global
	GlobalSection(SolutionConfigurationPlatforms) = preSolution
		Debug|Any CPU = Debug|Any CPU
		Release|Any CPU = Release|Any CPU
	EndGlobalSection
	GlobalSection(ProjectConfigurationPlatforms) = postSolution
		{3A70BAA5-F9FC-F804-BEC2-92A204661F4C}.Debug|Any CPU.ActiveCfg = Debug|Any CPU
		{3A70BAA5-F9FC-F804-BEC2-92A204661F4C}.Debug|Any CPU.Build.0 = Debug|Any CPU
		{3A70BAA5-F9FC-F804-BEC2-92A204661F4C}.Debug|Any CPU.Deploy.0 = Debug|Any CPU
		{3A70BAA5-F9FC-F804-BEC2-92A204661F4C}.Release|Any CPU.ActiveCfg = Release|Any CPU
		{3A70BAA5-F9FC-F804-BEC2-92A204661F4C}.Release|Any CPU.Build.0 = Release|Any CPU
		{3A70BAA5-F9FC-F804-BEC2-92A204661F4C}.Release|Any CPU.Deploy.0 = Release|Any CPU
		{00C1046E-4CDF-9BCE-3CDA-572AF18EA0D2}.Debug|Any CPU.ActiveCfg = Debug|Any CPU
		{00C1046E-4CDF-9BCE-3CDA-572AF18EA0D2}.Debug|Any CPU.Build.0 = Debug|Any CPU
		{00C1046E-4CDF-9BCE-3CDA-572AF18EA0D2}.Release|Any CPU.ActiveCfg = Release|Any CPU
		{00C1046E-4CDF-9BCE-3CDA-572AF18EA0D2}.Release|Any CPU.Build.0 = Release|Any CPU
	EndGlobalSection
	GlobalSection(SolutionProperties) = preSolution
		HideSolutionNode = FALSE
	EndGlobalSection
	GlobalSection(ExtensibilityGlobals) = postSolution
		SolutionGuid = {A86B623F-C6BB-476E-A6C3-ABC1A012B724}
	EndGlobalSection
EndGlobal
